{
    "_readme": [
        "This file locks the dependencies of your project to a known state",
        "Read more about it at https://getcomposer.org/doc/01-basic-usage.md#installing-dependencies",
        "This file is @generated automatically"
    ],
    "content-hash": "707e73d598d44f16349bb4f4ce14f3ea",
    "packages": [
        {
            "name": "filebase/filebase",
            "version": "v1.0.21",
            "source": {
                "type": "git",
                "url": "https://github.com/filebase/Filebase.git",
                "reference": "433190a2474a715ad3e23c8d3d74e39990cc9f77"
            },
            "dist": {
                "type": "zip",
                "url": "https://api.github.com/repos/filebase/Filebase/zipball/433190a2474a715ad3e23c8d3d74e39990cc9f77",
                "reference": "433190a2474a715ad3e23c8d3d74e39990cc9f77",
                "shasum": ""
            },
            "require": {
                "php": ">=5.6"
            },
            "require-dev": {
                "php-coveralls/php-coveralls": "^2.0",
                "phpunit/phpunit": "5.*",
                "symfony/yaml": "^3.4"
            },
            "suggest": {
                "symfony/yaml": "Allows Yaml format"
            },
            "type": "package",
            "autoload": {
                "psr-4": {
                    "Filebase\\": "src/"
                }
            },
            "notification-url": "https://packagist.org/downloads/",
            "authors": [
                {
                    "name": "Timothy Marois",
                    "email": "timothymarois@gmail.com"
                }
            ],
            "description": "A Simple but Powerful Flat File Database Storage.",
            "homepage": "https://github.com/filebase/Filebase",
            "keywords": [
                "database",
                "document",
                "file",
                "file-files",
                "filebase",
                "flat",
                "flat-file",
                "key-value",
                "serverless"
            ],
            "time": "2018-12-27T00:27:21+00:00"
        }
    ],
    "packages-dev": [],
    "aliases": [],
    "minimum-stability": "stable",
    "stability-flags": [],
    "prefer-stable": false,
    "prefer-lowest": false,
    "platform": [],
    "platform-dev": []
}
